
Microsoft Visual Studio Solution File, Format Version 12.00
# Visual Studio Version 17
VisualStudioVersion = 17.3.32825.248
MinimumVisualStudioVersion = 10.0.40219.1
Project("{F184B08F-C81C-45F6-A57F-5ABD9991F28F}") = "Wheel of fortune Animation", "Wheel of fortune Animation\Wheel of fortune Animation.vbproj", "{46430339-1C46-4D6C-801A-28D60F83398A}"
EndProject
Global
	GlobalSection(SolutionConfigurationPlatforms) = preSolution
		Debug|Any CPU = Debug|Any CPU
		Release|Any CPU = Release|Any CPU
	EndGlobalSection
	GlobalSection(ProjectConfigurationPlatforms) = postSolution
		{46430339-1C46-4D6C-801A-28D60F83398A}.Debug|Any CPU.ActiveCfg = Debug|Any CPU
		{46430339-1C46-4D6C-801A-28D60F83398A}.Debug|Any CPU.Build.0 = Debug|Any CPU
		{46430339-1C46-4D6C-801A-28D60F83398A}.Release|Any CPU.ActiveCfg = Release|Any CPU
		{46430339-1C46-4D6C-801A-28D60F83398A}.Release|Any CPU.Build.0 = Release|Any CPU
	EndGlobalSection
	GlobalSection(SolutionProperties) = preSolution
		HideSolutionNode = FALSE
	EndGlobalSection
	GlobalSection(ExtensibilityGlobals) = postSolution
		SolutionGuid = {C4389F30-6A41-409F-9432-D296A0B837B3}
	EndGlobalSection
EndGlobal
